<Solution>
  <Project Path="Api/Api.csproj" />
  <Project Path="Data/Data.csproj" Id="46eeef93-8234-4cf9-97b3-1cfdc7f42386" />
  <Project Path="Models/Models.csproj" Id="cc65ca6e-7c1b-4835-95da-900d945a2531" />
  <Project Path="Services/Services.csproj" Id="98b985d7-ec64-4b0e-be11-67cc294e65d0" />
</Solution>
